// !$*UTF8*$!
{
	archiveVersion = 1;
	classes = {
	};
	objectVersion = 48;
	objects = {

/* Begin PBXBuildFile section */
		3434F229202BA42700701967 /* Company.swift in Sources */ = {isa = PBXBuildFile; fileRef = 3434F228202BA42700701967 /* Company.swift */; };
		3434F22B202BA56500701967 /* Contact.swift in Sources */ = {isa = PBXBuildFile; fileRef = 3434F22A202BA56500701967 /* Contact.swift */; };
		3434F22E202BA7D500701967 /* RegistrationController.swift in Sources */ = {isa = PBXBuildFile; fileRef = 3434F22D202BA7D500701967 /* RegistrationController.swift */; };
		3434F233202BA82D00701967 /* RegistrationControllerView.xib in Resources */ = {isa = PBXBuildFile; fileRef = 3434F232202BA82D00701967 /* RegistrationControllerView.xib */; };
		3434F235202BA88400701967 /* RegistrationControllerView.swift in Sources */ = {isa = PBXBuildFile; fileRef = 3434F234202BA88400701967 /* RegistrationControllerView.swift */; };
		3434F237202BAA4700701967 /* RegistrationDataSource.swift in Sources */ = {isa = PBXBuildFile; fileRef = 3434F236202BAA4700701967 /* RegistrationDataSource.swift */; };
		3434F239202BAA5F00701967 /* RegistrationDelegate.swift in Sources */ = {isa = PBXBuildFile; fileRef = 3434F238202BAA5F00701967 /* RegistrationDelegate.swift */; };
		3434F23E202C7B9900701967 /* HomeEmptyState.xib in Resources */ = {isa = PBXBuildFile; fileRef = 3434F23D202C7B9900701967 /* HomeEmptyState.xib */; };
		3434F241202C7CFB00701967 /* ClientModel.swift in Sources */ = {isa = PBXBuildFile; fileRef = 3434F240202C7CFB00701967 /* ClientModel.swift */; };
		3434F244202CD21400701967 /* HomeViewModel.swift in Sources */ = {isa = PBXBuildFile; fileRef = 3434F243202CD21400701967 /* HomeViewModel.swift */; };
		3434F247202DCB0300701967 /* ClientDetailController.swift in Sources */ = {isa = PBXBuildFile; fileRef = 3434F246202DCB0300701967 /* ClientDetailController.swift */; };
		3434F249202DCFAC00701967 /* ClientDetailControllerView.xib in Resources */ = {isa = PBXBuildFile; fileRef = 3434F248202DCFAC00701967 /* ClientDetailControllerView.xib */; };
		3434F24D202DCFDF00701967 /* ClientDetailControllerView.swift in Sources */ = {isa = PBXBuildFile; fileRef = 3434F24C202DCFDF00701967 /* ClientDetailControllerView.swift */; };
		3434F24F202DD94000701967 /* HomeEmptyState.swift in Sources */ = {isa = PBXBuildFile; fileRef = 3434F24E202DD94000701967 /* HomeEmptyState.swift */; };
		3434F251202E19E300701967 /* RetrieveContacts.swift in Sources */ = {isa = PBXBuildFile; fileRef = 3434F250202E19E300701967 /* RetrieveContacts.swift */; };
		3434F253202F230300701967 /* InMemoryContacts.swift in Sources */ = {isa = PBXBuildFile; fileRef = 3434F252202F230300701967 /* InMemoryContacts.swift */; };
		3447AABA202B3028009F9C1B /* AppDelegate.swift in Sources */ = {isa = PBXBuildFile; fileRef = 3447AAB9202B3028009F9C1B /* AppDelegate.swift */; };
		3447AAC1202B3028009F9C1B /* Assets.xcassets in Resources */ = {isa = PBXBuildFile; fileRef = 3447AAC0202B3028009F9C1B /* Assets.xcassets */; };
		3447AAC4202B3028009F9C1B /* LaunchScreen.storyboard in Resources */ = {isa = PBXBuildFile; fileRef = 3447AAC2202B3028009F9C1B /* LaunchScreen.storyboard */; };
		3468C820202F283700CCD913 /* ClientModelTests.swift in Sources */ = {isa = PBXBuildFile; fileRef = 3468C81F202F283700CCD913 /* ClientModelTests.swift */; };
		3468C822202F2E3400CCD913 /* CompanyInitialsMaker.swift in Sources */ = {isa = PBXBuildFile; fileRef = 3468C821202F2E3400CCD913 /* CompanyInitialsMaker.swift */; };
		34708909202F72E90007A0FA /* CompanyInitialsMakerTests.swift in Sources */ = {isa = PBXBuildFile; fileRef = 34708908202F72E90007A0FA /* CompanyInitialsMakerTests.swift */; };
		34B98EA2202B845600AD5E40 /* UserCell.swift in Sources */ = {isa = PBXBuildFile; fileRef = 34B98EA0202B845600AD5E40 /* UserCell.swift */; };
		34B98EA3202B845600AD5E40 /* UserCell.xib in Resources */ = {isa = PBXBuildFile; fileRef = 34B98EA1202B845600AD5E40 /* UserCell.xib */; };
		34B98EA5202B8B9400AD5E40 /* HomeController.swift in Sources */ = {isa = PBXBuildFile; fileRef = 34B98EA4202B8B9400AD5E40 /* HomeController.swift */; };
		34B98EA8202B8C9200AD5E40 /* HomeControllerView.xib in Resources */ = {isa = PBXBuildFile; fileRef = 34B98EA7202B8C9200AD5E40 /* HomeControllerView.xib */; };
		34B98EAA202B8CD500AD5E40 /* HomeControllerView.swift in Sources */ = {isa = PBXBuildFile; fileRef = 34B98EA9202B8CD500AD5E40 /* HomeControllerView.swift */; };
		34B98EAD202B8D2700AD5E40 /* HomeDataSource.swift in Sources */ = {isa = PBXBuildFile; fileRef = 34B98EAC202B8D2700AD5E40 /* HomeDataSource.swift */; };
		34B98EAF202B8D4F00AD5E40 /* HomeDelegate.swift in Sources */ = {isa = PBXBuildFile; fileRef = 34B98EAE202B8D4F00AD5E40 /* HomeDelegate.swift */; };
		34B98EB5202B8E9F00AD5E40 /* TableViewReusable.swift in Sources */ = {isa = PBXBuildFile; fileRef = 34B98EB1202B8E9F00AD5E40 /* TableViewReusable.swift */; };
		34B98EB6202B8E9F00AD5E40 /* NibCreatable.swift in Sources */ = {isa = PBXBuildFile; fileRef = 34B98EB2202B8E9F00AD5E40 /* NibCreatable.swift */; };
		34B98EB7202B8E9F00AD5E40 /* Reusable.swift in Sources */ = {isa = PBXBuildFile; fileRef = 34B98EB3202B8E9F00AD5E40 /* Reusable.swift */; };
		34B98EB8202B8E9F00AD5E40 /* CollectionViewReusable.swift in Sources */ = {isa = PBXBuildFile; fileRef = 34B98EB4202B8E9F00AD5E40 /* CollectionViewReusable.swift */; };
		34B98EBC202B90F500AD5E40 /* ViewCreatable.swift in Sources */ = {isa = PBXBuildFile; fileRef = 34B98EBB202B90F500AD5E40 /* ViewCreatable.swift */; };
		34F6BEDF203604E30091ED8D /* Nimble.framework in Frameworks */ = {isa = PBXBuildFile; fileRef = 34F6BEDD203604E30091ED8D /* Nimble.framework */; };
		34F6BEE0203604E30091ED8D /* Quick.framework in Frameworks */ = {isa = PBXBuildFile; fileRef = 34F6BEDE203604E30091ED8D /* Quick.framework */; };
		34F6BEE1203604EC0091ED8D /* Nimble.framework in Copy Files */ = {isa = PBXBuildFile; fileRef = 34F6BEDD203604E30091ED8D /* Nimble.framework */; settings = {ATTRIBUTES = (CodeSignOnCopy, RemoveHeadersOnCopy, ); }; };
		34F6BEE2203604EC0091ED8D /* Quick.framework in Copy Files */ = {isa = PBXBuildFile; fileRef = 34F6BEDE203604E30091ED8D /* Quick.framework */; settings = {ATTRIBUTES = (CodeSignOnCopy, RemoveHeadersOnCopy, ); }; };
/* End PBXBuildFile section */

/* Begin PBXContainerItemProxy section */
		3468C818202F27A800CCD913 /* PBXContainerItemProxy */ = {
			isa = PBXContainerItemProxy;
			containerPortal = 3447AAAE202B3028009F9C1B /* Project object */;
			proxyType = 1;
			remoteGlobalIDString = 3447AAB5202B3028009F9C1B;
			remoteInfo = Exercise02;
		};
/* End PBXContainerItemProxy section */

/* Begin PBXCopyFilesBuildPhase section */
		34740EA42035EE6900FFA68C /* Copy Files */ = {
			isa = PBXCopyFilesBuildPhase;
			buildActionMask = 2147483647;
			dstPath = "";
			dstSubfolderSpec = 10;
			files = (
				34F6BEE1203604EC0091ED8D /* Nimble.framework in Copy Files */,
				34F6BEE2203604EC0091ED8D /* Quick.framework in Copy Files */,
			);
			name = "Copy Files";
			runOnlyForDeploymentPostprocessing = 0;
		};
/* End PBXCopyFilesBuildPhase section */

/* Begin PBXFileReference section */
		3434F228202BA42700701967 /* Company.swift */ = {isa = PBXFileReference; lastKnownFileType = sourcecode.swift; path = Company.swift; sourceTree = "<group>"; };
		3434F22A202BA56500701967 /* Contact.swift */ = {isa = PBXFileReference; lastKnownFileType = sourcecode.swift; path = Contact.swift; sourceTree = "<group>"; };
		3434F22D202BA7D500701967 /* RegistrationController.swift */ = {isa = PBXFileReference; lastKnownFileType = sourcecode.swift; path = RegistrationController.swift; sourceTree = "<group>"; };
		3434F232202BA82D00701967 /* RegistrationControllerView.xib */ = {isa = PBXFileReference; lastKnownFileType = file.xib; path = RegistrationControllerView.xib; sourceTree = "<group>"; };
		3434F234202BA88400701967 /* RegistrationControllerView.swift */ = {isa = PBXFileReference; lastKnownFileType = sourcecode.swift; path = RegistrationControllerView.swift; sourceTree = "<group>"; };
		3434F236202BAA4700701967 /* RegistrationDataSource.swift */ = {isa = PBXFileReference; lastKnownFileType = sourcecode.swift; path = RegistrationDataSource.swift; sourceTree = "<group>"; };
		3434F238202BAA5F00701967 /* RegistrationDelegate.swift */ = {isa = PBXFileReference; lastKnownFileType = sourcecode.swift; path = RegistrationDelegate.swift; sourceTree = "<group>"; };
		3434F23D202C7B9900701967 /* HomeEmptyState.xib */ = {isa = PBXFileReference; lastKnownFileType = file.xib; path = HomeEmptyState.xib; sourceTree = "<group>"; };
		3434F240202C7CFB00701967 /* ClientModel.swift */ = {isa = PBXFileReference; lastKnownFileType = sourcecode.swift; path = ClientModel.swift; sourceTree = "<group>"; };
		3434F243202CD21400701967 /* HomeViewModel.swift */ = {isa = PBXFileReference; lastKnownFileType = sourcecode.swift; path = HomeViewModel.swift; sourceTree = "<group>"; };
		3434F246202DCB0300701967 /* ClientDetailController.swift */ = {isa = PBXFileReference; lastKnownFileType = sourcecode.swift; path = ClientDetailController.swift; sourceTree = "<group>"; };
		3434F248202DCFAC00701967 /* ClientDetailControllerView.xib */ = {isa = PBXFileReference; lastKnownFileType = file.xib; path = ClientDetailControllerView.xib; sourceTree = "<group>"; };
		3434F24C202DCFDF00701967 /* ClientDetailControllerView.swift */ = {isa = PBXFileReference; lastKnownFileType = sourcecode.swift; path = ClientDetailControllerView.swift; sourceTree = "<group>"; };
		3434F24E202DD94000701967 /* HomeEmptyState.swift */ = {isa = PBXFileReference; lastKnownFileType = sourcecode.swift; path = HomeEmptyState.swift; sourceTree = "<group>"; };
		3434F250202E19E300701967 /* RetrieveContacts.swift */ = {isa = PBXFileReference; lastKnownFileType = sourcecode.swift; path = RetrieveContacts.swift; sourceTree = "<group>"; };
		3434F252202F230300701967 /* InMemoryContacts.swift */ = {isa = PBXFileReference; lastKnownFileType = sourcecode.swift; path = InMemoryContacts.swift; sourceTree = "<group>"; };
		3447AAB6202B3028009F9C1B /* Exercise02.app */ = {isa = PBXFileReference; explicitFileType = wrapper.application; includeInIndex = 0; path = Exercise02.app; sourceTree = BUILT_PRODUCTS_DIR; };
		3447AAB9202B3028009F9C1B /* AppDelegate.swift */ = {isa = PBXFileReference; lastKnownFileType = sourcecode.swift; path = AppDelegate.swift; sourceTree = "<group>"; };
		3447AAC0202B3028009F9C1B /* Assets.xcassets */ = {isa = PBXFileReference; lastKnownFileType = folder.assetcatalog; path = Assets.xcassets; sourceTree = "<group>"; };
		3447AAC3202B3028009F9C1B /* Base */ = {isa = PBXFileReference; lastKnownFileType = file.storyboard; name = Base; path = Base.lproj/LaunchScreen.storyboard; sourceTree = "<group>"; };
		3447AACC202B30DF009F9C1B /* Info.plist */ = {isa = PBXFileReference; fileEncoding = 4; lastKnownFileType = text.plist.xml; name = Info.plist; path = Exercise02/Info.plist; sourceTree = SOURCE_ROOT; };
		3468C813202F27A800CCD913 /* Exercise02Tests.xctest */ = {isa = PBXFileReference; explicitFileType = wrapper.cfbundle; includeInIndex = 0; path = Exercise02Tests.xctest; sourceTree = BUILT_PRODUCTS_DIR; };
		3468C817202F27A800CCD913 /* Info.plist */ = {isa = PBXFileReference; lastKnownFileType = text.plist.xml; path = Info.plist; sourceTree = "<group>"; };
		3468C81F202F283700CCD913 /* ClientModelTests.swift */ = {isa = PBXFileReference; lastKnownFileType = sourcecode.swift; path = ClientModelTests.swift; sourceTree = "<group>"; };
		3468C821202F2E3400CCD913 /* CompanyInitialsMaker.swift */ = {isa = PBXFileReference; lastKnownFileType = sourcecode.swift; path = CompanyInitialsMaker.swift; sourceTree = "<group>"; };
		34708908202F72E90007A0FA /* CompanyInitialsMakerTests.swift */ = {isa = PBXFileReference; lastKnownFileType = sourcecode.swift; path = CompanyInitialsMakerTests.swift; sourceTree = "<group>"; };
		34B98EA0202B845600AD5E40 /* UserCell.swift */ = {isa = PBXFileReference; lastKnownFileType = sourcecode.swift; path = UserCell.swift; sourceTree = "<group>"; };
		34B98EA1202B845600AD5E40 /* UserCell.xib */ = {isa = PBXFileReference; lastKnownFileType = file.xib; path = UserCell.xib; sourceTree = "<group>"; };
		34B98EA4202B8B9400AD5E40 /* HomeController.swift */ = {isa = PBXFileReference; lastKnownFileType = sourcecode.swift; path = HomeController.swift; sourceTree = "<group>"; };
		34B98EA7202B8C9200AD5E40 /* HomeControllerView.xib */ = {isa = PBXFileReference; lastKnownFileType = file.xib; path = HomeControllerView.xib; sourceTree = "<group>"; };
		34B98EA9202B8CD500AD5E40 /* HomeControllerView.swift */ = {isa = PBXFileReference; lastKnownFileType = sourcecode.swift; path = HomeControllerView.swift; sourceTree = "<group>"; };
		34B98EAC202B8D2700AD5E40 /* HomeDataSource.swift */ = {isa = PBXFileReference; lastKnownFileType = sourcecode.swift; path = HomeDataSource.swift; sourceTree = "<group>"; };
		34B98EAE202B8D4F00AD5E40 /* HomeDelegate.swift */ = {isa = PBXFileReference; lastKnownFileType = sourcecode.swift; path = HomeDelegate.swift; sourceTree = "<group>"; };
		34B98EB1202B8E9F00AD5E40 /* TableViewReusable.swift */ = {isa = PBXFileReference; fileEncoding = 4; lastKnownFileType = sourcecode.swift; path = TableViewReusable.swift; sourceTree = "<group>"; };
		34B98EB2202B8E9F00AD5E40 /* NibCreatable.swift */ = {isa = PBXFileReference; fileEncoding = 4; lastKnownFileType = sourcecode.swift; path = NibCreatable.swift; sourceTree = "<group>"; };
		34B98EB3202B8E9F00AD5E40 /* Reusable.swift */ = {isa = PBXFileReference; fileEncoding = 4; lastKnownFileType = sourcecode.swift; path = Reusable.swift; sourceTree = "<group>"; };
		34B98EB4202B8E9F00AD5E40 /* CollectionViewReusable.swift */ = {isa = PBXFileReference; fileEncoding = 4; lastKnownFileType = sourcecode.swift; path = CollectionViewReusable.swift; sourceTree = "<group>"; };
		34B98EBB202B90F500AD5E40 /* ViewCreatable.swift */ = {isa = PBXFileReference; fileEncoding = 4; lastKnownFileType = sourcecode.swift; path = ViewCreatable.swift; sourceTree = "<group>"; };
		34F6BEDD203604E30091ED8D /* Nimble.framework */ = {isa = PBXFileReference; lastKnownFileType = wrapper.framework; name = Nimble.framework; path = Carthage/Build/iOS/Nimble.framework; sourceTree = "<group>"; };
		34F6BEDE203604E30091ED8D /* Quick.framework */ = {isa = PBXFileReference; lastKnownFileType = wrapper.framework; name = Quick.framework; path = Carthage/Build/iOS/Quick.framework; sourceTree = "<group>"; };
/* End PBXFileReference section */

/* Begin PBXFrameworksBuildPhase section */
		3447AAB3202B3028009F9C1B /* Frameworks */ = {
			isa = PBXFrameworksBuildPhase;
			buildActionMask = 2147483647;
			files = (
			);
			runOnlyForDeploymentPostprocessing = 0;
		};
		3468C810202F27A800CCD913 /* Frameworks */ = {
			isa = PBXFrameworksBuildPhase;
			buildActionMask = 2147483647;
			files = (
				34F6BEDF203604E30091ED8D /* Nimble.framework in Frameworks */,
				34F6BEE0203604E30091ED8D /* Quick.framework in Frameworks */,
			);
			runOnlyForDeploymentPostprocessing = 0;
		};
/* End PBXFrameworksBuildPhase section */

/* Begin PBXGroup section */
		3434F224202BA06800701967 /* Registration */ = {
			isa = PBXGroup;
			children = (
				3434F225202BA0F100701967 /* Model */,
				3434F22C202BA75300701967 /* View */,
			);
			path = Registration;
			sourceTree = "<group>";
		};
		3434F225202BA0F100701967 /* Model */ = {
			isa = PBXGroup;
			children = (
				3434F22A202BA56500701967 /* Contact.swift */,
				3434F228202BA42700701967 /* Company.swift */,
			);
			path = Model;
			sourceTree = "<group>";
		};
		3434F22C202BA75300701967 /* View */ = {
			isa = PBXGroup;
			children = (
				3434F230202BA7E700701967 /* TableView */,
				3434F22F202BA7E300701967 /* Controller */,
			);
			path = View;
			sourceTree = "<group>";
		};
		3434F22F202BA7E300701967 /* Controller */ = {
			isa = PBXGroup;
			children = (
				3434F22D202BA7D500701967 /* RegistrationController.swift */,
				3434F232202BA82D00701967 /* RegistrationControllerView.xib */,
				3434F234202BA88400701967 /* RegistrationControllerView.swift */,
			);
			path = Controller;
			sourceTree = "<group>";
		};
		3434F230202BA7E700701967 /* TableView */ = {
			isa = PBXGroup;
			children = (
				3434F231202BA81800701967 /* Cell */,
				3434F236202BAA4700701967 /* RegistrationDataSource.swift */,
				3434F238202BAA5F00701967 /* RegistrationDelegate.swift */,
			);
			path = TableView;
			sourceTree = "<group>";
		};
		3434F231202BA81800701967 /* Cell */ = {
			isa = PBXGroup;
			children = (
			);
			path = Cell;
			sourceTree = "<group>";
		};
		3434F23A202BAAFC00701967 /* Features */ = {
			isa = PBXGroup;
			children = (
				34B98E9D202B566500AD5E40 /* Home */,
				3434F245202DCAEA00701967 /* ClientDetail */,
				3434F224202BA06800701967 /* Registration */,
			);
			path = Features;
			sourceTree = "<group>";
		};
		3434F23B202BAB1200701967 /* Libraries */ = {
			isa = PBXGroup;
			children = (
				34B98EB0202B8E4900AD5E40 /* Reusable */,
			);
			path = Libraries;
			sourceTree = "<group>";
		};
		3434F23C202C7B0000701967 /* EmptyState */ = {
			isa = PBXGroup;
			children = (
				3434F23D202C7B9900701967 /* HomeEmptyState.xib */,
				3434F24E202DD94000701967 /* HomeEmptyState.swift */,
			);
			path = EmptyState;
			sourceTree = "<group>";
		};
		3434F23F202C7C8700701967 /* Model */ = {
			isa = PBXGroup;
			children = (
				3434F250202E19E300701967 /* RetrieveContacts.swift */,
				3434F252202F230300701967 /* InMemoryContacts.swift */,
				3434F240202C7CFB00701967 /* ClientModel.swift */,
				3468C821202F2E3400CCD913 /* CompanyInitialsMaker.swift */,
			);
			path = Model;
			sourceTree = "<group>";
		};
		3434F242202C80D000701967 /* ViewModel */ = {
			isa = PBXGroup;
			children = (
				3434F243202CD21400701967 /* HomeViewModel.swift */,
			);
			path = ViewModel;
			sourceTree = "<group>";
		};
		3434F245202DCAEA00701967 /* ClientDetail */ = {
			isa = PBXGroup;
			children = (
				3434F246202DCB0300701967 /* ClientDetailController.swift */,
				3434F248202DCFAC00701967 /* ClientDetailControllerView.xib */,
				3434F24C202DCFDF00701967 /* ClientDetailControllerView.swift */,
			);
			path = ClientDetail;
			sourceTree = "<group>";
		};
		3447AAAD202B3028009F9C1B = {
			isa = PBXGroup;
			children = (
				3447AAB8202B3028009F9C1B /* Exercise02 */,
				3468C814202F27A800CCD913 /* Exercise02Tests */,
				3447AAB7202B3028009F9C1B /* Products */,
				34740E9F2035EE4B00FFA68C /* Frameworks */,
			);
			sourceTree = "<group>";
		};
		3447AAB7202B3028009F9C1B /* Products */ = {
			isa = PBXGroup;
			children = (
				3447AAB6202B3028009F9C1B /* Exercise02.app */,
				3468C813202F27A800CCD913 /* Exercise02Tests.xctest */,
			);
			name = Products;
			sourceTree = "<group>";
		};
		3447AAB8202B3028009F9C1B /* Exercise02 */ = {
			isa = PBXGroup;
			children = (
				3434F23A202BAAFC00701967 /* Features */,
				3434F23B202BAB1200701967 /* Libraries */,
				34B98EBA202B90C700AD5E40 /* Extensions */,
				3447AACB202B3076009F9C1B /* Supporting FIles */,
			);
			path = Exercise02;
			sourceTree = "<group>";
		};
		3447AACB202B3076009F9C1B /* Supporting FIles */ = {
			isa = PBXGroup;
			children = (
				3447AAC2202B3028009F9C1B /* LaunchScreen.storyboard */,
				3447AAB9202B3028009F9C1B /* AppDelegate.swift */,
				3447AACC202B30DF009F9C1B /* Info.plist */,
				3447AAC0202B3028009F9C1B /* Assets.xcassets */,
			);
			path = "Supporting FIles";
			sourceTree = "<group>";
		};
		3468C814202F27A800CCD913 /* Exercise02Tests */ = {
			isa = PBXGroup;
			children = (
				3468C81F202F283700CCD913 /* ClientModelTests.swift */,
				34708908202F72E90007A0FA /* CompanyInitialsMakerTests.swift */,
				3468C817202F27A800CCD913 /* Info.plist */,
			);
			path = Exercise02Tests;
			sourceTree = "<group>";
		};
		34740E9F2035EE4B00FFA68C /* Frameworks */ = {
			isa = PBXGroup;
			children = (
				34F6BEDD203604E30091ED8D /* Nimble.framework */,
				34F6BEDE203604E30091ED8D /* Quick.framework */,
			);
			name = Frameworks;
			sourceTree = "<group>";
		};
		34B98E9D202B566500AD5E40 /* Home */ = {
			isa = PBXGroup;
			children = (
				3434F242202C80D000701967 /* ViewModel */,
				3434F23F202C7C8700701967 /* Model */,
				34B98E9E202B567600AD5E40 /* View */,
			);
			path = Home;
			sourceTree = "<group>";
		};
		34B98E9E202B567600AD5E40 /* View */ = {
			isa = PBXGroup;
			children = (
				34B98EB9202B909F00AD5E40 /* Controller */,
				34B98EAB202B8D0D00AD5E40 /* TableView */,
				3434F23C202C7B0000701967 /* EmptyState */,
			);
			path = View;
			sourceTree = "<group>";
		};
		34B98E9F202B839800AD5E40 /* Cell */ = {
			isa = PBXGroup;
			children = (
				34B98EA1202B845600AD5E40 /* UserCell.xib */,
				34B98EA0202B845600AD5E40 /* UserCell.swift */,
			);
			path = Cell;
			sourceTree = "<group>";
		};
		34B98EAB202B8D0D00AD5E40 /* TableView */ = {
			isa = PBXGroup;
			children = (
				34B98E9F202B839800AD5E40 /* Cell */,
				34B98EAC202B8D2700AD5E40 /* HomeDataSource.swift */,
				34B98EAE202B8D4F00AD5E40 /* HomeDelegate.swift */,
			);
			path = TableView;
			sourceTree = "<group>";
		};
		34B98EB0202B8E4900AD5E40 /* Reusable */ = {
			isa = PBXGroup;
			children = (
				34B98EB3202B8E9F00AD5E40 /* Reusable.swift */,
				34B98EB2202B8E9F00AD5E40 /* NibCreatable.swift */,
				34B98EB1202B8E9F00AD5E40 /* TableViewReusable.swift */,
				34B98EB4202B8E9F00AD5E40 /* CollectionViewReusable.swift */,
			);
			path = Reusable;
			sourceTree = "<group>";
		};
		34B98EB9202B909F00AD5E40 /* Controller */ = {
			isa = PBXGroup;
			children = (
				34B98EA4202B8B9400AD5E40 /* HomeController.swift */,
				34B98EA7202B8C9200AD5E40 /* HomeControllerView.xib */,
				34B98EA9202B8CD500AD5E40 /* HomeControllerView.swift */,
			);
			path = Controller;
			sourceTree = "<group>";
		};
		34B98EBA202B90C700AD5E40 /* Extensions */ = {
			isa = PBXGroup;
			children = (
				34B98EBB202B90F500AD5E40 /* ViewCreatable.swift */,
			);
			path = Extensions;
			sourceTree = "<group>";
		};
/* End PBXGroup section */

/* Begin PBXNativeTarget section */
		3447AAB5202B3028009F9C1B /* Exercise02 */ = {
			isa = PBXNativeTarget;
			buildConfigurationList = 3447AAC8202B3028009F9C1B /* Build configuration list for PBXNativeTarget "Exercise02" */;
			buildPhases = (
				3447AAB2202B3028009F9C1B /* Sources */,
				3447AAB3202B3028009F9C1B /* Frameworks */,
				3447AAB4202B3028009F9C1B /* Resources */,
				34740EA72035F02700FFA68C /* Carthage Script */,
			);
			buildRules = (
			);
			dependencies = (
			);
			name = Exercise02;
			productName = Exercise02;
			productReference = 3447AAB6202B3028009F9C1B /* Exercise02.app */;
			productType = "com.apple.product-type.application";
		};
		3468C812202F27A800CCD913 /* Exercise02Tests */ = {
			isa = PBXNativeTarget;
			buildConfigurationList = 3468C81C202F27A800CCD913 /* Build configuration list for PBXNativeTarget "Exercise02Tests" */;
			buildPhases = (
				3468C80F202F27A800CCD913 /* Sources */,
				3468C811202F27A800CCD913 /* Resources */,
				3468C810202F27A800CCD913 /* Frameworks */,
				34740EA42035EE6900FFA68C /* Copy Files */,
			);
			buildRules = (
			);
			dependencies = (
				3468C819202F27A800CCD913 /* PBXTargetDependency */,
			);
			name = Exercise02Tests;
			productName = Exercise02Tests;
			productReference = 3468C813202F27A800CCD913 /* Exercise02Tests.xctest */;
			productType = "com.apple.product-type.bundle.unit-test";
		};
/* End PBXNativeTarget section */

/* Begin PBXProject section */
		3447AAAE202B3028009F9C1B /* Project object */ = {
			isa = PBXProject;
			attributes = {
				LastSwiftUpdateCheck = 0920;
				LastUpgradeCheck = 0920;
				ORGANIZATIONNAME = "Stone Pagamentos";
				TargetAttributes = {
					3447AAB5202B3028009F9C1B = {
						CreatedOnToolsVersion = 9.2;
						ProvisioningStyle = Automatic;
					};
					3468C812202F27A800CCD913 = {
						CreatedOnToolsVersion = 9.2;
						LastSwiftMigration = 0920;
						ProvisioningStyle = Automatic;
						TestTargetID = 3447AAB5202B3028009F9C1B;
					};
				};
			};
			buildConfigurationList = 3447AAB1202B3028009F9C1B /* Build configuration list for PBXProject "Exercise02" */;
			compatibilityVersion = "Xcode 8.0";
			developmentRegion = en;
			hasScannedForEncodings = 0;
			knownRegions = (
				en,
				Base,
			);
			mainGroup = 3447AAAD202B3028009F9C1B;
			productRefGroup = 3447AAB7202B3028009F9C1B /* Products */;
			projectDirPath = "";
			projectRoot = "";
			targets = (
				3447AAB5202B3028009F9C1B /* Exercise02 */,
				3468C812202F27A800CCD913 /* Exercise02Tests */,
			);
		};
/* End PBXProject section */

/* Begin PBXResourcesBuildPhase section */
		3447AAB4202B3028009F9C1B /* Resources */ = {
			isa = PBXResourcesBuildPhase;
			buildActionMask = 2147483647;
			files = (
				34B98EA3202B845600AD5E40 /* UserCell.xib in Resources */,
				3447AAC4202B3028009F9C1B /* LaunchScreen.storyboard in Resources */,
				3434F23E202C7B9900701967 /* HomeEmptyState.xib in Resources */,
				3434F249202DCFAC00701967 /* ClientDetailControllerView.xib in Resources */,
				34B98EA8202B8C9200AD5E40 /* HomeControllerView.xib in Resources */,
				3434F233202BA82D00701967 /* RegistrationControllerView.xib in Resources */,
				3447AAC1202B3028009F9C1B /* Assets.xcassets in Resources */,
			);
			runOnlyForDeploymentPostprocessing = 0;
		};
		3468C811202F27A800CCD913 /* Resources */ = {
			isa = PBXResourcesBuildPhase;
			buildActionMask = 2147483647;
			files = (
			);
			runOnlyForDeploymentPostprocessing = 0;
		};
/* End PBXResourcesBuildPhase section */

/* Begin PBXShellScriptBuildPhase section */
		34740EA72035F02700FFA68C /* Carthage Script */ = {
			isa = PBXShellScriptBuildPhase;
			buildActionMask = 2147483647;
			files = (
			);
			inputPaths = (
				"$(SRCROOT)/Carthage/Build/iOS/Quick.framework",
				"$(SRCROOT)/Carthage/Build/iOS/Nimble.framework",
			);
			name = "Carthage Script";
			outputPaths = (
			);
			runOnlyForDeploymentPostprocessing = 0;
			shellPath = /bin/sh;
			shellScript = "/usr/local/bin/carthage copy-frameworks";
		};
/* End PBXShellScriptBuildPhase section */

/* Begin PBXSourcesBuildPhase section */
		3447AAB2202B3028009F9C1B /* Sources */ = {
			isa = PBXSourcesBuildPhase;
			buildActionMask = 2147483647;
			files = (
				3434F24F202DD94000701967 /* HomeEmptyState.swift in Sources */,
				34B98EAD202B8D2700AD5E40 /* HomeDataSource.swift in Sources */,
				34B98EB6202B8E9F00AD5E40 /* NibCreatable.swift in Sources */,
				3434F244202CD21400701967 /* HomeViewModel.swift in Sources */,
				3434F24D202DCFDF00701967 /* ClientDetailControllerView.swift in Sources */,
				34B98EB5202B8E9F00AD5E40 /* TableViewReusable.swift in Sources */,
				34B98EB7202B8E9F00AD5E40 /* Reusable.swift in Sources */,
				34B98EA2202B845600AD5E40 /* UserCell.swift in Sources */,
				3434F22B202BA56500701967 /* Contact.swift in Sources */,
				3434F237202BAA4700701967 /* RegistrationDataSource.swift in Sources */,
				3447AABA202B3028009F9C1B /* AppDelegate.swift in Sources */,
				3434F239202BAA5F00701967 /* RegistrationDelegate.swift in Sources */,
				34B98EA5202B8B9400AD5E40 /* HomeController.swift in Sources */,
				34B98EBC202B90F500AD5E40 /* ViewCreatable.swift in Sources */,
				3434F235202BA88400701967 /* RegistrationControllerView.swift in Sources */,
				34B98EB8202B8E9F00AD5E40 /* CollectionViewReusable.swift in Sources */,
				3434F253202F230300701967 /* InMemoryContacts.swift in Sources */,
				3434F241202C7CFB00701967 /* ClientModel.swift in Sources */,
				34B98EAA202B8CD500AD5E40 /* HomeControllerView.swift in Sources */,
				3434F247202DCB0300701967 /* ClientDetailController.swift in Sources */,
				3434F251202E19E300701967 /* RetrieveContacts.swift in Sources */,
				3434F229202BA42700701967 /* Company.swift in Sources */,
				3434F22E202BA7D500701967 /* RegistrationController.swift in Sources */,
				34B98EAF202B8D4F00AD5E40 /* HomeDelegate.swift in Sources */,
			);
			runOnlyForDeploymentPostprocessing = 0;
		};
		3468C80F202F27A800CCD913 /* Sources */ = {
			isa = PBXSourcesBuildPhase;
			buildActionMask = 2147483647;
			files = (
				3468C820202F283700CCD913 /* ClientModelTests.swift in Sources */,
				34708909202F72E90007A0FA /* CompanyInitialsMakerTests.swift in Sources */,
			);
			runOnlyForDeploymentPostprocessing = 0;
		};
/* End PBXSourcesBuildPhase section */

/* Begin PBXTargetDependency section */
		3468C819202F27A800CCD913 /* PBXTargetDependency */ = {
			isa = PBXTargetDependency;
			target = 3447AAB5202B3028009F9C1B /* Exercise02 */;
			targetProxy = 3468C818202F27A800CCD913 /* PBXContainerItemProxy */;
		};
/* End PBXTargetDependency section */

/* Begin PBXVariantGroup section */
		3447AAC2202B3028009F9C1B /* LaunchScreen.storyboard */ = {
			isa = PBXVariantGroup;
			children = (
				3447AAC3202B3028009F9C1B /* Base */,
			);
			name = LaunchScreen.storyboard;
			sourceTree = "<group>";
		};
/* End PBXVariantGroup section */

/* Begin XCBuildConfiguration section */
		3447AAC6202B3028009F9C1B /* Debug */ = {
			isa = XCBuildConfiguration;
			buildSettings = {
				ALWAYS_SEARCH_USER_PATHS = NO;
				CLANG_ANALYZER_NONNULL = YES;
				CLANG_ANALYZER_NUMBER_OBJECT_CONVERSION = YES_AGGRESSIVE;
				CLANG_CXX_LANGUAGE_STANDARD = "gnu++14";
				CLANG_CXX_LIBRARY = "libc++";
				CLANG_ENABLE_MODULES = YES;
				CLANG_ENABLE_OBJC_ARC = YES;
				CLANG_WARN_BLOCK_CAPTURE_AUTORELEASING = YES;
				CLANG_WARN_BOOL_CONVERSION = YES;
				CLANG_WARN_COMMA = YES;
				CLANG_WARN_CONSTANT_CONVERSION = YES;
				CLANG_WARN_DIRECT_OBJC_ISA_USAGE = YES_ERROR;
				CLANG_WARN_DOCUMENTATION_COMMENTS = YES;
				CLANG_WARN_EMPTY_BODY = YES;
				CLANG_WARN_ENUM_CONVERSION = YES;
				CLANG_WARN_INFINITE_RECURSION = YES;
				CLANG_WARN_INT_CONVERSION = YES;
				CLANG_WARN_NON_LITERAL_NULL_CONVERSION = YES;
				CLANG_WARN_OBJC_LITERAL_CONVERSION = YES;
				CLANG_WARN_OBJC_ROOT_CLASS = YES_ERROR;
				CLANG_WARN_RANGE_LOOP_ANALYSIS = YES;
				CLANG_WARN_STRICT_PROTOTYPES = YES;
				CLANG_WARN_SUSPICIOUS_MOVE = YES;
				CLANG_WARN_UNGUARDED_AVAILABILITY = YES_AGGRESSIVE;
				CLANG_WARN_UNREACHABLE_CODE = YES;
				CLANG_WARN__DUPLICATE_METHOD_MATCH = YES;
				CODE_SIGN_IDENTITY = "iPhone Developer";
				COPY_PHASE_STRIP = NO;
				DEBUG_INFORMATION_FORMAT = dwarf;
				ENABLE_STRICT_OBJC_MSGSEND = YES;
				ENABLE_TESTABILITY = YES;
				GCC_C_LANGUAGE_STANDARD = gnu11;
				GCC_DYNAMIC_NO_PIC = NO;
				GCC_NO_COMMON_BLOCKS = YES;
				GCC_OPTIMIZATION_LEVEL = 0;
				GCC_PREPROCESSOR_DEFINITIONS = (
					"DEBUG=1",
					"$(inherited)",
				);
				GCC_WARN_64_TO_32_BIT_CONVERSION = YES;
				GCC_WARN_ABOUT_RETURN_TYPE = YES_ERROR;
				GCC_WARN_UNDECLARED_SELECTOR = YES;
				GCC_WARN_UNINITIALIZED_AUTOS = YES_AGGRESSIVE;
				GCC_WARN_UNUSED_FUNCTION = YES;
				GCC_WARN_UNUSED_VARIABLE = YES;
				IPHONEOS_DEPLOYMENT_TARGET = 11.2;
				MTL_ENABLE_DEBUG_INFO = YES;
				ONLY_ACTIVE_ARCH = YES;
				SDKROOT = iphoneos;
				SWIFT_ACTIVE_COMPILATION_CONDITIONS = DEBUG;
				SWIFT_OPTIMIZATION_LEVEL = "-Onone";
			};
			name = Debug;
		};
		3447AAC7202B3028009F9C1B /* Release */ = {
			isa = XCBuildConfiguration;
			buildSettings = {
				ALWAYS_SEARCH_USER_PATHS = NO;
				CLANG_ANALYZER_NONNULL = YES;
				CLANG_ANALYZER_NUMBER_OBJECT_CONVERSION = YES_AGGRESSIVE;
				CLANG_CXX_LANGUAGE_STANDARD = "gnu++14";
				CLANG_CXX_LIBRARY = "libc++";
				CLANG_ENABLE_MODULES = YES;
				CLANG_ENABLE_OBJC_ARC = YES;
				CLANG_WARN_BLOCK_CAPTURE_AUTORELEASING = YES;
				CLANG_WARN_BOOL_CONVERSION = YES;
				CLANG_WARN_COMMA = YES;
				CLANG_WARN_CONSTANT_CONVERSION = YES;
				CLANG_WARN_DIRECT_OBJC_ISA_USAGE = YES_ERROR;
				CLANG_WARN_DOCUMENTATION_COMMENTS = YES;
				CLANG_WARN_EMPTY_BODY = YES;
				CLANG_WARN_ENUM_CONVERSION = YES;
				CLANG_WARN_INFINITE_RECURSION = YES;
				CLANG_WARN_INT_CONVERSION = YES;
				CLANG_WARN_NON_LITERAL_NULL_CONVERSION = YES;
				CLANG_WARN_OBJC_LITERAL_CONVERSION = YES;
				CLANG_WARN_OBJC_ROOT_CLASS = YES_ERROR;
				CLANG_WARN_RANGE_LOOP_ANALYSIS = YES;
				CLANG_WARN_STRICT_PROTOTYPES = YES;
				CLANG_WARN_SUSPICIOUS_MOVE = YES;
				CLANG_WARN_UNGUARDED_AVAILABILITY = YES_AGGRESSIVE;
				CLANG_WARN_UNREACHABLE_CODE = YES;
				CLANG_WARN__DUPLICATE_METHOD_MATCH = YES;
				CODE_SIGN_IDENTITY = "iPhone Developer";
				COPY_PHASE_STRIP = NO;
				DEBUG_INFORMATION_FORMAT = "dwarf-with-dsym";
				ENABLE_NS_ASSERTIONS = NO;
				ENABLE_STRICT_OBJC_MSGSEND = YES;
				GCC_C_LANGUAGE_STANDARD = gnu11;
				GCC_NO_COMMON_BLOCKS = YES;
				GCC_WARN_64_TO_32_BIT_CONVERSION = YES;
				GCC_WARN_ABOUT_RETURN_TYPE = YES_ERROR;
				GCC_WARN_UNDECLARED_SELECTOR = YES;
				GCC_WARN_UNINITIALIZED_AUTOS = YES_AGGRESSIVE;
				GCC_WARN_UNUSED_FUNCTION = YES;
				GCC_WARN_UNUSED_VARIABLE = YES;
				IPHONEOS_DEPLOYMENT_TARGET = 11.2;
				MTL_ENABLE_DEBUG_INFO = NO;
				SDKROOT = iphoneos;
				SWIFT_OPTIMIZATION_LEVEL = "-Owholemodule";
				VALIDATE_PRODUCT = YES;
			};
			name = Release;
		};
		3447AAC9202B3028009F9C1B /* Debug */ = {
			isa = XCBuildConfiguration;
			buildSettings = {
				ASSETCATALOG_COMPILER_APPICON_NAME = AppIcon;
				CODE_SIGN_STYLE = Automatic;
				DEVELOPMENT_TEAM = 578EBFNU9W;
				INFOPLIST_FILE = Exercise02/Info.plist;
				LD_RUNPATH_SEARCH_PATHS = "$(inherited) @executable_path/Frameworks";
				PRODUCT_BUNDLE_IDENTIFIER = br.com.buy4.UseFlip.iOS.Exercise02;
				PRODUCT_NAME = "$(TARGET_NAME)";
				SWIFT_VERSION = 4.0;
				TARGETED_DEVICE_FAMILY = "1,2";
			};
			name = Debug;
		};
		3447AACA202B3028009F9C1B /* Release */ = {
			isa = XCBuildConfiguration;
			buildSettings = {
				ASSETCATALOG_COMPILER_APPICON_NAME = AppIcon;
				CODE_SIGN_STYLE = Automatic;
				DEVELOPMENT_TEAM = 578EBFNU9W;
				INFOPLIST_FILE = Exercise02/Info.plist;
				LD_RUNPATH_SEARCH_PATHS = "$(inherited) @executable_path/Frameworks";
				PRODUCT_BUNDLE_IDENTIFIER = br.com.buy4.UseFlip.iOS.Exercise02;
				PRODUCT_NAME = "$(TARGET_NAME)";
				SWIFT_VERSION = 4.0;
				TARGETED_DEVICE_FAMILY = "1,2";
			};
			name = Release;
		};
		3468C81A202F27A800CCD913 /* Debug */ = {
			isa = XCBuildConfiguration;
			buildSettings = {
				BUNDLE_LOADER = "$(TEST_HOST)";
				CLANG_ENABLE_MODULES = YES;
				CODE_SIGN_STYLE = Automatic;
				DEVELOPMENT_TEAM = 578EBFNU9W;
				FRAMEWORK_SEARCH_PATHS = (
					"$(inherited)",
					"$(PROJECT_DIR)/Carthage/Build/iOS",
				);
				INFOPLIST_FILE = Exercise02Tests/Info.plist;
				LD_RUNPATH_SEARCH_PATHS = "$(inherited) @executable_path/Frameworks @loader_path/Frameworks";
				PRODUCT_BUNDLE_IDENTIFIER = br.com.buy4.UseFlip.iOS.Exercise02Tests;
				PRODUCT_NAME = "$(TARGET_NAME)";
				SWIFT_OPTIMIZATION_LEVEL = "-Onone";
				SWIFT_VERSION = 4.0;
				TARGETED_DEVICE_FAMILY = "1,2";
				TEST_HOST = "$(BUILT_PRODUCTS_DIR)/Exercise02.app/Exercise02";
			};
			name = Debug;
		};
		3468C81B202F27A800CCD913 /* Release */ = {
			isa = XCBuildConfiguration;
			buildSettings = {
				BUNDLE_LOADER = "$(TEST_HOST)";
				CLANG_ENABLE_MODULES = YES;
				CODE_SIGN_STYLE = Automatic;
				DEVELOPMENT_TEAM = 578EBFNU9W;
				FRAMEWORK_SEARCH_PATHS = (
					"$(inherited)",
					"$(PROJECT_DIR)/Carthage/Build/iOS",
				);
				INFOPLIST_FILE = Exercise02Tests/Info.plist;
				LD_RUNPATH_SEARCH_PATHS = "$(inherited) @executable_path/Frameworks @loader_path/Frameworks";
				PRODUCT_BUNDLE_IDENTIFIER = br.com.buy4.UseFlip.iOS.Exercise02Tests;
				PRODUCT_NAME = "$(TARGET_NAME)";
				SWIFT_VERSION = 4.0;
				TARGETED_DEVICE_FAMILY = "1,2";
				TEST_HOST = "$(BUILT_PRODUCTS_DIR)/Exercise02.app/Exercise02";
			};
			name = Release;
		};
/* End XCBuildConfiguration section */

/* Begin XCConfigurationList section */
		3447AAB1202B3028009F9C1B /* Build configuration list for PBXProject "Exercise02" */ = {
			isa = XCConfigurationList;
			buildConfigurations = (
				3447AAC6202B3028009F9C1B /* Debug */,
				3447AAC7202B3028009F9C1B /* Release */,
			);
			defaultConfigurationIsVisible = 0;
			defaultConfigurationName = Release;
		};
		3447AAC8202B3028009F9C1B /* Build configuration list for PBXNativeTarget "Exercise02" */ = {
			isa = XCConfigurationList;
			buildConfigurations = (
				3447AAC9202B3028009F9C1B /* Debug */,
				3447AACA202B3028009F9C1B /* Release */,
			);
			defaultConfigurationIsVisible = 0;
			defaultConfigurationName = Release;
		};
		3468C81C202F27A800CCD913 /* Build configuration list for PBXNativeTarget "Exercise02Tests" */ = {
			isa = XCConfigurationList;
			buildConfigurations = (
				3468C81A202F27A800CCD913 /* Debug */,
				3468C81B202F27A800CCD913 /* Release */,
			);
			defaultConfigurationIsVisible = 0;
			defaultConfigurationName = Release;
		};
/* End XCConfigurationList section */
	};
	rootObject = 3447AAAE202B3028009F9C1B /* Project object */;
}
